
Microsoft Visual Studio Solution File, Format Version 12.00
# Visual Studio 14
VisualStudioVersion = 14.0.25123.0
MinimumVisualStudioVersion = 10.0.40219.1
Project("{FAE04EC0-301F-11D3-BF4B-00C04F79EFBC}") = "Squares", "Squares\Squares.csproj", "{FDEC0DF2-90EE-45F1-9560-2C379127C3AE}"
EndProject
Project("{FAE04EC0-301F-11D3-BF4B-00C04F79EFBC}") = "SquaresDataLibrary", "SquaresDataLibrary\SquaresDataLibrary.csproj", "{90D141E2-6706-4609-87AD-C945C3441DED}"
EndProject
Global
	GlobalSection(SolutionConfigurationPlatforms) = preSolution
		Debug|Any CPU = Debug|Any CPU
		Release|Any CPU = Release|Any CPU
	EndGlobalSection
	GlobalSection(ProjectConfigurationPlatforms) = postSolution
		{FDEC0DF2-90EE-45F1-9560-2C379127C3AE}.Debug|Any CPU.ActiveCfg = Debug|Any CPU
		{FDEC0DF2-90EE-45F1-9560-2C379127C3AE}.Debug|Any CPU.Build.0 = Debug|Any CPU
		{FDEC0DF2-90EE-45F1-9560-2C379127C3AE}.Release|Any CPU.ActiveCfg = Release|Any CPU
		{FDEC0DF2-90EE-45F1-9560-2C379127C3AE}.Release|Any CPU.Build.0 = Release|Any CPU
		{90D141E2-6706-4609-87AD-C945C3441DED}.Debug|Any CPU.ActiveCfg = Debug|Any CPU
		{90D141E2-6706-4609-87AD-C945C3441DED}.Debug|Any CPU.Build.0 = Debug|Any CPU
		{90D141E2-6706-4609-87AD-C945C3441DED}.Release|Any CPU.ActiveCfg = Release|Any CPU
		{90D141E2-6706-4609-87AD-C945C3441DED}.Release|Any CPU.Build.0 = Release|Any CPU
	EndGlobalSection
	GlobalSection(SolutionProperties) = preSolution
		HideSolutionNode = FALSE
	EndGlobalSection
EndGlobal
